
Microsoft Visual Studio Solution File, Format Version 12.00
# Visual Studio Version 18
VisualStudioVersion = 18.3.11520.95
MinimumVisualStudioVersion = 10.0.40219.1
Project("{9A19103F-16F7-4668-BE54-9A1E7A4F7556}") = "GameVisionTool.Logic", "GameVisionTool.Logic\GameVisionTool.Logic.csproj", "{3F51065F-D5E1-4390-A88B-BC5CF16234C6}"
EndProject
Project("{9A19103F-16F7-4668-BE54-9A1E7A4F7556}") = "GameVisionTool.Messages", "GameVisionTool.Messages\GameVisionTool.Messages.csproj", "{EBC85E25-4A1E-4EE3-A6A9-D19EF0C1D35C}"
EndProject
Project("{9A19103F-16F7-4668-BE54-9A1E7A4F7556}") = "GameVisionTool.Common.Domain", "GameVisionTool.Common.Domain\GameVisionTool.Common.Domain.csproj", "{711B98C3-0E70-4310-9196-6D59B703334B}"
EndProject
Project("{2150E333-8FDC-42A3-9474-1A3956D46DE8}") = "Common", "Common", "{E391DA61-699F-4B90-AEDA-D97654D885AB}"
EndProject
Project("{9A19103F-16F7-4668-BE54-9A1E7A4F7556}") = "GameVisionTool.Common.Validation", "GameVisionTool.Common.Validation\GameVisionTool.Common.Validation.csproj", "{D1EECA8D-A781-4DCD-B3B3-87F6F56FD54B}"
EndProject
Project("{FAE04EC0-301F-11D3-BF4B-00C04F79EFBC}") = "GameVisionTool.UI.Maui", "GameVisionTool.UI.Maui\GameVisionTool.UI.Maui.csproj", "{2268D584-0C8D-4F75-8ED6-A85A24ADC1DE}"
EndProject
Project("{FAE04EC0-301F-11D3-BF4B-00C04F79EFBC}") = "GameVisionTool.Integration.LlamaSharp", "GameVisionTool.Integration.LlamaSharp\GameVisionTool.Integration.LlamaSharp.csproj", "{8162EFB7-B626-4EEB-8BA2-FD0C07C5FC10}"
EndProject
Project("{2150E333-8FDC-42A3-9474-1A3956D46DE8}") = "Testing", "Testing", "{02EA681E-C7D8-13C7-8484-4AC65E1B71E8}"
EndProject
Project("{FAE04EC0-301F-11D3-BF4B-00C04F79EFBC}") = "GameVisionTool.IntegrationTests", "GameVisionTool.IntegrationTests\GameVisionTool.IntegrationTests.csproj", "{90BCAB15-093E-4232-803A-00CAF40D5117}"
EndProject
Project("{FAE04EC0-301F-11D3-BF4B-00C04F79EFBC}") = "GameVisionTool.Persistence.LiteDb", "GameVisionTool.Persistence.LiteDb\GameVisionTool.Persistence.LiteDb.csproj", "{53994679-6D35-47AD-A5EF-73AA4AA6F0A8}"
EndProject
Project("{FAE04EC0-301F-11D3-BF4B-00C04F79EFBC}") = "GameVisionTool.Integration.GoogleGemini", "GameVisionTool.Integration.GoogleGemini\GameVisionTool.Integration.GoogleGemini.csproj", "{4DB0EB87-8231-4A9A-A68D-5976B4E0F9ED}"
EndProject
Global
	GlobalSection(SolutionConfigurationPlatforms) = preSolution
		Debug|Any CPU = Debug|Any CPU
		Debug|x64 = Debug|x64
		Debug|x86 = Debug|x86
		Release|Any CPU = Release|Any CPU
		Release|x64 = Release|x64
		Release|x86 = Release|x86
	EndGlobalSection
	GlobalSection(ProjectConfigurationPlatforms) = postSolution
		{3F51065F-D5E1-4390-A88B-BC5CF16234C6}.Debug|Any CPU.ActiveCfg = Debug|Any CPU
		{3F51065F-D5E1-4390-A88B-BC5CF16234C6}.Debug|Any CPU.Build.0 = Debug|Any CPU
		{3F51065F-D5E1-4390-A88B-BC5CF16234C6}.Debug|x64.ActiveCfg = Debug|Any CPU
		{3F51065F-D5E1-4390-A88B-BC5CF16234C6}.Debug|x64.Build.0 = Debug|Any CPU
		{3F51065F-D5E1-4390-A88B-BC5CF16234C6}.Debug|x86.ActiveCfg = Debug|Any CPU
		{3F51065F-D5E1-4390-A88B-BC5CF16234C6}.Debug|x86.Build.0 = Debug|Any CPU
		{3F51065F-D5E1-4390-A88B-BC5CF16234C6}.Release|Any CPU.ActiveCfg = Release|Any CPU
		{3F51065F-D5E1-4390-A88B-BC5CF16234C6}.Release|Any CPU.Build.0 = Release|Any CPU
		{3F51065F-D5E1-4390-A88B-BC5CF16234C6}.Release|x64.ActiveCfg = Release|Any CPU
		{3F51065F-D5E1-4390-A88B-BC5CF16234C6}.Release|x64.Build.0 = Release|Any CPU
		{3F51065F-D5E1-4390-A88B-BC5CF16234C6}.Release|x86.ActiveCfg = Release|Any CPU
		{3F51065F-D5E1-4390-A88B-BC5CF16234C6}.Release|x86.Build.0 = Release|Any CPU
		{EBC85E25-4A1E-4EE3-A6A9-D19EF0C1D35C}.Debug|Any CPU.ActiveCfg = Debug|Any CPU
		{EBC85E25-4A1E-4EE3-A6A9-D19EF0C1D35C}.Debug|Any CPU.Build.0 = Debug|Any CPU
		{EBC85E25-4A1E-4EE3-A6A9-D19EF0C1D35C}.Debug|x64.ActiveCfg = Debug|Any CPU
		{EBC85E25-4A1E-4EE3-A6A9-D19EF0C1D35C}.Debug|x64.Build.0 = Debug|Any CPU
		{EBC85E25-4A1E-4EE3-A6A9-D19EF0C1D35C}.Debug|x86.ActiveCfg = Debug|Any CPU
		{EBC85E25-4A1E-4EE3-A6A9-D19EF0C1D35C}.Debug|x86.Build.0 = Debug|Any CPU
		{EBC85E25-4A1E-4EE3-A6A9-D19EF0C1D35C}.Release|Any CPU.ActiveCfg = Release|Any CPU
		{EBC85E25-4A1E-4EE3-A6A9-D19EF0C1D35C}.Release|Any CPU.Build.0 = Release|Any CPU
		{EBC85E25-4A1E-4EE3-A6A9-D19EF0C1D35C}.Release|x64.ActiveCfg = Release|Any CPU
		{EBC85E25-4A1E-4EE3-A6A9-D19EF0C1D35C}.Release|x64.Build.0 = Release|Any CPU
		{EBC85E25-4A1E-4EE3-A6A9-D19EF0C1D35C}.Release|x86.ActiveCfg = Release|Any CPU
		{EBC85E25-4A1E-4EE3-A6A9-D19EF0C1D35C}.Release|x86.Build.0 = Release|Any CPU
		{711B98C3-0E70-4310-9196-6D59B703334B}.Debug|Any CPU.ActiveCfg = Debug|Any CPU
		{711B98C3-0E70-4310-9196-6D59B703334B}.Debug|Any CPU.Build.0 = Debug|Any CPU
		{711B98C3-0E70-4310-9196-6D59B703334B}.Debug|x64.ActiveCfg = Debug|Any CPU
		{711B98C3-0E70-4310-9196-6D59B703334B}.Debug|x64.Build.0 = Debug|Any CPU
		{711B98C3-0E70-4310-9196-6D59B703334B}.Debug|x86.ActiveCfg = Debug|Any CPU
		{711B98C3-0E70-4310-9196-6D59B703334B}.Debug|x86.Build.0 = Debug|Any CPU
		{711B98C3-0E70-4310-9196-6D59B703334B}.Release|Any CPU.ActiveCfg = Release|Any CPU
		{711B98C3-0E70-4310-9196-6D59B703334B}.Release|Any CPU.Build.0 = Release|Any CPU
		{711B98C3-0E70-4310-9196-6D59B703334B}.Release|x64.ActiveCfg = Release|Any CPU
		{711B98C3-0E70-4310-9196-6D59B703334B}.Release|x64.Build.0 = Release|Any CPU
		{711B98C3-0E70-4310-9196-6D59B703334B}.Release|x86.ActiveCfg = Release|Any CPU
		{711B98C3-0E70-4310-9196-6D59B703334B}.Release|x86.Build.0 = Release|Any CPU
		{D1EECA8D-A781-4DCD-B3B3-87F6F56FD54B}.Debug|Any CPU.ActiveCfg = Debug|Any CPU
		{D1EECA8D-A781-4DCD-B3B3-87F6F56FD54B}.Debug|Any CPU.Build.0 = Debug|Any CPU
		{D1EECA8D-A781-4DCD-B3B3-87F6F56FD54B}.Debug|x64.ActiveCfg = Debug|Any CPU
		{D1EECA8D-A781-4DCD-B3B3-87F6F56FD54B}.Debug|x64.Build.0 = Debug|Any CPU
		{D1EECA8D-A781-4DCD-B3B3-87F6F56FD54B}.Debug|x86.ActiveCfg = Debug|Any CPU
		{D1EECA8D-A781-4DCD-B3B3-87F6F56FD54B}.Debug|x86.Build.0 = Debug|Any CPU
		{D1EECA8D-A781-4DCD-B3B3-87F6F56FD54B}.Release|Any CPU.ActiveCfg = Release|Any CPU
		{D1EECA8D-A781-4DCD-B3B3-87F6F56FD54B}.Release|Any CPU.Build.0 = Release|Any CPU
		{D1EECA8D-A781-4DCD-B3B3-87F6F56FD54B}.Release|x64.ActiveCfg = Release|Any CPU
		{D1EECA8D-A781-4DCD-B3B3-87F6F56FD54B}.Release|x64.Build.0 = Release|Any CPU
		{D1EECA8D-A781-4DCD-B3B3-87F6F56FD54B}.Release|x86.ActiveCfg = Release|Any CPU
		{D1EECA8D-A781-4DCD-B3B3-87F6F56FD54B}.Release|x86.Build.0 = Release|Any CPU
		{2268D584-0C8D-4F75-8ED6-A85A24ADC1DE}.Debug|Any CPU.ActiveCfg = Debug|Any CPU
		{2268D584-0C8D-4F75-8ED6-A85A24ADC1DE}.Debug|Any CPU.Build.0 = Debug|Any CPU
		{2268D584-0C8D-4F75-8ED6-A85A24ADC1DE}.Debug|Any CPU.Deploy.0 = Debug|Any CPU
		{2268D584-0C8D-4F75-8ED6-A85A24ADC1DE}.Debug|x64.ActiveCfg = Debug|Any CPU
		{2268D584-0C8D-4F75-8ED6-A85A24ADC1DE}.Debug|x64.Build.0 = Debug|Any CPU
		{2268D584-0C8D-4F75-8ED6-A85A24ADC1DE}.Debug|x86.ActiveCfg = Debug|Any CPU
		{2268D584-0C8D-4F75-8ED6-A85A24ADC1DE}.Debug|x86.Build.0 = Debug|Any CPU
		{2268D584-0C8D-4F75-8ED6-A85A24ADC1DE}.Release|Any CPU.ActiveCfg = Release|Any CPU
		{2268D584-0C8D-4F75-8ED6-A85A24ADC1DE}.Release|Any CPU.Build.0 = Release|Any CPU
		{2268D584-0C8D-4F75-8ED6-A85A24ADC1DE}.Release|Any CPU.Deploy.0 = Release|Any CPU
		{2268D584-0C8D-4F75-8ED6-A85A24ADC1DE}.Release|x64.ActiveCfg = Release|Any CPU
		{2268D584-0C8D-4F75-8ED6-A85A24ADC1DE}.Release|x64.Build.0 = Release|Any CPU
		{2268D584-0C8D-4F75-8ED6-A85A24ADC1DE}.Release|x86.ActiveCfg = Release|Any CPU
		{2268D584-0C8D-4F75-8ED6-A85A24ADC1DE}.Release|x86.Build.0 = Release|Any CPU
		{8162EFB7-B626-4EEB-8BA2-FD0C07C5FC10}.Debug|Any CPU.ActiveCfg = Debug|Any CPU
		{8162EFB7-B626-4EEB-8BA2-FD0C07C5FC10}.Debug|Any CPU.Build.0 = Debug|Any CPU
		{8162EFB7-B626-4EEB-8BA2-FD0C07C5FC10}.Debug|x64.ActiveCfg = Debug|Any CPU
		{8162EFB7-B626-4EEB-8BA2-FD0C07C5FC10}.Debug|x64.Build.0 = Debug|Any CPU
		{8162EFB7-B626-4EEB-8BA2-FD0C07C5FC10}.Debug|x86.ActiveCfg = Debug|Any CPU
		{8162EFB7-B626-4EEB-8BA2-FD0C07C5FC10}.Debug|x86.Build.0 = Debug|Any CPU
		{8162EFB7-B626-4EEB-8BA2-FD0C07C5FC10}.Release|Any CPU.ActiveCfg = Release|Any CPU
		{8162EFB7-B626-4EEB-8BA2-FD0C07C5FC10}.Release|Any CPU.Build.0 = Release|Any CPU
		{8162EFB7-B626-4EEB-8BA2-FD0C07C5FC10}.Release|x64.ActiveCfg = Release|Any CPU
		{8162EFB7-B626-4EEB-8BA2-FD0C07C5FC10}.Release|x64.Build.0 = Release|Any CPU
		{8162EFB7-B626-4EEB-8BA2-FD0C07C5FC10}.Release|x86.ActiveCfg = Release|Any CPU
		{8162EFB7-B626-4EEB-8BA2-FD0C07C5FC10}.Release|x86.Build.0 = Release|Any CPU
		{90BCAB15-093E-4232-803A-00CAF40D5117}.Debug|Any CPU.ActiveCfg = Debug|Any CPU
		{90BCAB15-093E-4232-803A-00CAF40D5117}.Debug|Any CPU.Build.0 = Debug|Any CPU
		{90BCAB15-093E-4232-803A-00CAF40D5117}.Debug|x64.ActiveCfg = Debug|Any CPU
		{90BCAB15-093E-4232-803A-00CAF40D5117}.Debug|x64.Build.0 = Debug|Any CPU
		{90BCAB15-093E-4232-803A-00CAF40D5117}.Debug|x86.ActiveCfg = Debug|Any CPU
		{90BCAB15-093E-4232-803A-00CAF40D5117}.Debug|x86.Build.0 = Debug|Any CPU
		{90BCAB15-093E-4232-803A-00CAF40D5117}.Release|Any CPU.ActiveCfg = Release|Any CPU
		{90BCAB15-093E-4232-803A-00CAF40D5117}.Release|Any CPU.Build.0 = Release|Any CPU
		{90BCAB15-093E-4232-803A-00CAF40D5117}.Release|x64.ActiveCfg = Release|Any CPU
		{90BCAB15-093E-4232-803A-00CAF40D5117}.Release|x64.Build.0 = Release|Any CPU
		{90BCAB15-093E-4232-803A-00CAF40D5117}.Release|x86.ActiveCfg = Release|Any CPU
		{90BCAB15-093E-4232-803A-00CAF40D5117}.Release|x86.Build.0 = Release|Any CPU
		{53994679-6D35-47AD-A5EF-73AA4AA6F0A8}.Debug|Any CPU.ActiveCfg = Debug|Any CPU
		{53994679-6D35-47AD-A5EF-73AA4AA6F0A8}.Debug|Any CPU.Build.0 = Debug|Any CPU
		{53994679-6D35-47AD-A5EF-73AA4AA6F0A8}.Debug|x64.ActiveCfg = Debug|Any CPU
		{53994679-6D35-47AD-A5EF-73AA4AA6F0A8}.Debug|x64.Build.0 = Debug|Any CPU
		{53994679-6D35-47AD-A5EF-73AA4AA6F0A8}.Debug|x86.ActiveCfg = Debug|Any CPU
		{53994679-6D35-47AD-A5EF-73AA4AA6F0A8}.Debug|x86.Build.0 = Debug|Any CPU
		{53994679-6D35-47AD-A5EF-73AA4AA6F0A8}.Release|Any CPU.ActiveCfg = Release|Any CPU
		{53994679-6D35-47AD-A5EF-73AA4AA6F0A8}.Release|Any CPU.Build.0 = Release|Any CPU
		{53994679-6D35-47AD-A5EF-73AA4AA6F0A8}.Release|x64.ActiveCfg = Release|Any CPU
		{53994679-6D35-47AD-A5EF-73AA4AA6F0A8}.Release|x64.Build.0 = Release|Any CPU
		{53994679-6D35-47AD-A5EF-73AA4AA6F0A8}.Release|x86.ActiveCfg = Release|Any CPU
		{53994679-6D35-47AD-A5EF-73AA4AA6F0A8}.Release|x86.Build.0 = Release|Any CPU
		{4DB0EB87-8231-4A9A-A68D-5976B4E0F9ED}.Debug|Any CPU.ActiveCfg = Debug|Any CPU
		{4DB0EB87-8231-4A9A-A68D-5976B4E0F9ED}.Debug|Any CPU.Build.0 = Debug|Any CPU
		{4DB0EB87-8231-4A9A-A68D-5976B4E0F9ED}.Debug|x64.ActiveCfg = Debug|Any CPU
		{4DB0EB87-8231-4A9A-A68D-5976B4E0F9ED}.Debug|x64.Build.0 = Debug|Any CPU
		{4DB0EB87-8231-4A9A-A68D-5976B4E0F9ED}.Debug|x86.ActiveCfg = Debug|Any CPU
		{4DB0EB87-8231-4A9A-A68D-5976B4E0F9ED}.Debug|x86.Build.0 = Debug|Any CPU
		{4DB0EB87-8231-4A9A-A68D-5976B4E0F9ED}.Release|Any CPU.ActiveCfg = Release|Any CPU
		{4DB0EB87-8231-4A9A-A68D-5976B4E0F9ED}.Release|Any CPU.Build.0 = Release|Any CPU
		{4DB0EB87-8231-4A9A-A68D-5976B4E0F9ED}.Release|x64.ActiveCfg = Release|Any CPU
		{4DB0EB87-8231-4A9A-A68D-5976B4E0F9ED}.Release|x64.Build.0 = Release|Any CPU
		{4DB0EB87-8231-4A9A-A68D-5976B4E0F9ED}.Release|x86.ActiveCfg = Release|Any CPU
		{4DB0EB87-8231-4A9A-A68D-5976B4E0F9ED}.Release|x86.Build.0 = Release|Any CPU
	EndGlobalSection
	GlobalSection(SolutionProperties) = preSolution
		HideSolutionNode = FALSE
	EndGlobalSection
	GlobalSection(NestedProjects) = preSolution
		{711B98C3-0E70-4310-9196-6D59B703334B} = {E391DA61-699F-4B90-AEDA-D97654D885AB}
		{D1EECA8D-A781-4DCD-B3B3-87F6F56FD54B} = {E391DA61-699F-4B90-AEDA-D97654D885AB}
		{90BCAB15-093E-4232-803A-00CAF40D5117} = {02EA681E-C7D8-13C7-8484-4AC65E1B71E8}
	EndGlobalSection
	GlobalSection(ExtensibilityGlobals) = postSolution
		SolutionGuid = {29E95551-CDB7-47AF-9B90-0B23DF7CA91C}
	EndGlobalSection
EndGlobal
